
Microsoft Visual Studio Solution File, Format Version 12.00
# Visual Studio Version 17
VisualStudioVersion = 17.0.31903.59
MinimumVisualStudioVersion = 10.0.40219.1
Project("{FAE04EC0-301F-11D3-BF4B-00C04F79EFBC}") = "NonProfitLibrary", "NonProfitLibrary\NonProfitLibrary.csproj", "{88573FAC-5E9D-41C2-BE0D-9EE401727C61}"
EndProject
Project("{FAE04EC0-301F-11D3-BF4B-00C04F79EFBC}") = "NonProfitEF", "NonProfitEf\NonProfitEF.csproj", "{9064F51D-681E-4DB5-BFF1-FDB2C7B94D02}"
EndProject
Global
	GlobalSection(SolutionConfigurationPlatforms) = preSolution
		Debug|Any CPU = Debug|Any CPU
		Release|Any CPU = Release|Any CPU
	EndGlobalSection
	GlobalSection(SolutionProperties) = preSolution
		HideSolutionNode = FALSE
	EndGlobalSection
	GlobalSection(ProjectConfigurationPlatforms) = postSolution
		{88573FAC-5E9D-41C2-BE0D-9EE401727C61}.Debug|Any CPU.ActiveCfg = Debug|Any CPU
		{88573FAC-5E9D-41C2-BE0D-9EE401727C61}.Debug|Any CPU.Build.0 = Debug|Any CPU
		{88573FAC-5E9D-41C2-BE0D-9EE401727C61}.Release|Any CPU.ActiveCfg = Release|Any CPU
		{88573FAC-5E9D-41C2-BE0D-9EE401727C61}.Release|Any CPU.Build.0 = Release|Any CPU
		{9064F51D-681E-4DB5-BFF1-FDB2C7B94D02}.Debug|Any CPU.ActiveCfg = Debug|Any CPU
		{9064F51D-681E-4DB5-BFF1-FDB2C7B94D02}.Debug|Any CPU.Build.0 = Debug|Any CPU
		{9064F51D-681E-4DB5-BFF1-FDB2C7B94D02}.Release|Any CPU.ActiveCfg = Release|Any CPU
		{9064F51D-681E-4DB5-BFF1-FDB2C7B94D02}.Release|Any CPU.Build.0 = Release|Any CPU
	EndGlobalSection
EndGlobal
